{
  "version": 4,
  "terraform_version": "1.6.6",
  "serial": 88,
  "lineage": "7fbcf477-4086-4f7c-245d-a5986426527b",
  "outputs": {},
  "resources": [
    {
      "mode": "managed",
      "type": "google_compute_address",
      "name": "cloud-nat-ip",
      "provider": "provider[\"registry.terraform.io/hashicorp/google\"]",
      "instances": [
        {
          "schema_version": 0,
          "attributes": {
            "address": "35.198.249.94",
            "address_type": "EXTERNAL",
            "creation_timestamp": "2024-01-07T10:16:10.508-08:00",
            "description": "test cloud nat ip address",
            "id": "projects/mapbu-partner-apj/regions/asia-southeast1/addresses/test-cloud-nat-ip",
            "ip_version": "",
            "ipv6_endpoint_type": "",
            "name": "test-cloud-nat-ip",
            "network": "",
            "network_tier": "PREMIUM",
            "prefix_length": 0,
            "project": "mapbu-partner-apj",
            "purpose": "",
            "region": "asia-southeast1",
            "self_link": "https://www.googleapis.com/compute/v1/projects/mapbu-partner-apj/regions/asia-southeast1/addresses/test-cloud-nat-ip",
            "subnetwork": "",
            "timeouts": null,
            "users": [
              "https://www.googleapis.com/compute/v1/projects/mapbu-partner-apj/regions/asia-southeast1/routers/test-cloud-router"
            ]
          },
          "sensitive_attributes": [],
          "private": "eyJlMmJmYjczMC1lY2FhLTExZTYtOGY4OC0zNDM2M2JjN2M0YzAiOnsiY3JlYXRlIjoxMjAwMDAwMDAwMDAwLCJkZWxldGUiOjEyMDAwMDAwMDAwMDB9fQ=="
        }
      ]
    },
    {
      "mode": "managed",
      "type": "google_compute_network",
      "name": "vpc_network",
      "provider": "provider[\"registry.terraform.io/hashicorp/google\"]",
      "instances": [
        {
          "schema_version": 0,
          "attributes": {
            "auto_create_subnetworks": false,
            "delete_default_routes_on_create": false,
            "description": "",
            "enable_ula_internal_ipv6": false,
            "gateway_ipv4": "",
            "id": "projects/mapbu-partner-apj/global/networks/test-vpc",
            "internal_ipv6_range": "",
            "mtu": 8896,
            "name": "test-vpc",
            "network_firewall_policy_enforcement_order": "AFTER_CLASSIC_FIREWALL",
            "project": "mapbu-partner-apj",
            "routing_mode": "REGIONAL",
            "self_link": "https://www.googleapis.com/compute/v1/projects/mapbu-partner-apj/global/networks/test-vpc",
            "timeouts": null
          },
          "sensitive_attributes": [],
          "private": "eyJlMmJmYjczMC1lY2FhLTExZTYtOGY4OC0zNDM2M2JjN2M0YzAiOnsiY3JlYXRlIjoxMjAwMDAwMDAwMDAwLCJkZWxldGUiOjEyMDAwMDAwMDAwMDAsInVwZGF0ZSI6MTIwMDAwMDAwMDAwMH19"
        }
      ]
    },
    {
      "mode": "managed",
      "type": "google_compute_subnetwork",
      "name": "private-subnet",
      "provider": "provider[\"registry.terraform.io/hashicorp/google\"]",
      "instances": [
        {
          "schema_version": 0,
          "attributes": {
            "creation_timestamp": "2024-01-07T10:16:32.932-08:00",
            "description": "test private subnet",
            "external_ipv6_prefix": "",
            "fingerprint": null,
            "gateway_address": "10.65.2.1",
            "id": "projects/mapbu-partner-apj/regions/asia-southeast1/subnetworks/test-subnet-private",
            "internal_ipv6_prefix": "",
            "ip_cidr_range": "10.65.2.0/24",
            "ipv6_access_type": "",
            "ipv6_cidr_range": "",
            "log_config": [],
            "name": "test-subnet-private",
            "network": "https://www.googleapis.com/compute/v1/projects/mapbu-partner-apj/global/networks/test-vpc",
            "private_ip_google_access": true,
            "private_ipv6_google_access": "DISABLE_GOOGLE_ACCESS",
            "project": "mapbu-partner-apj",
            "purpose": "PRIVATE",
            "region": "asia-southeast1",
            "role": "",
            "secondary_ip_range": [],
            "self_link": "https://www.googleapis.com/compute/v1/projects/mapbu-partner-apj/regions/asia-southeast1/subnetworks/test-subnet-private",
            "stack_type": "IPV4_ONLY",
            "timeouts": null
          },
          "sensitive_attributes": [],
          "private": "eyJlMmJmYjczMC1lY2FhLTExZTYtOGY4OC0zNDM2M2JjN2M0YzAiOnsiY3JlYXRlIjoxMjAwMDAwMDAwMDAwLCJkZWxldGUiOjEyMDAwMDAwMDAwMDAsInVwZGF0ZSI6MTIwMDAwMDAwMDAwMH19",
          "dependencies": [
            "google_compute_network.vpc_network"
          ]
        }
      ]
    },
    {
      "mode": "managed",
      "type": "google_compute_subnetwork",
      "name": "service-subnet",
      "provider": "provider[\"registry.terraform.io/hashicorp/google\"]",
      "instances": [
        {
          "schema_version": 0,
          "attributes": {
            "creation_timestamp": "2024-01-07T10:16:32.994-08:00",
            "description": "test service subnet",
            "external_ipv6_prefix": "",
            "fingerprint": null,
            "gateway_address": "10.65.3.1",
            "id": "projects/mapbu-partner-apj/regions/asia-southeast1/subnetworks/test-subnet-service",
            "internal_ipv6_prefix": "",
            "ip_cidr_range": "10.65.3.0/24",
            "ipv6_access_type": "",
            "ipv6_cidr_range": "",
            "log_config": [],
            "name": "test-subnet-service",
            "network": "https://www.googleapis.com/compute/v1/projects/mapbu-partner-apj/global/networks/test-vpc",
            "private_ip_google_access": true,
            "private_ipv6_google_access": "DISABLE_GOOGLE_ACCESS",
            "project": "mapbu-partner-apj",
            "purpose": "PRIVATE",
            "region": "asia-southeast1",
            "role": "",
            "secondary_ip_range": [],
            "self_link": "https://www.googleapis.com/compute/v1/projects/mapbu-partner-apj/regions/asia-southeast1/subnetworks/test-subnet-service",
            "stack_type": "IPV4_ONLY",
            "timeouts": null
          },
          "sensitive_attributes": [],
          "private": "eyJlMmJmYjczMC1lY2FhLTExZTYtOGY4OC0zNDM2M2JjN2M0YzAiOnsiY3JlYXRlIjoxMjAwMDAwMDAwMDAwLCJkZWxldGUiOjEyMDAwMDAwMDAwMDAsInVwZGF0ZSI6MTIwMDAwMDAwMDAwMH19",
          "dependencies": [
            "google_compute_network.vpc_network"
          ]
        }
      ]
    }
  ],
  "check_results": null
}
