{
  "version": 4,
  "terraform_version": "1.6.6",
  "serial": 96,
  "lineage": "7fbcf477-4086-4f7c-245d-a5986426527b",
  "outputs": {},
  "resources": [
    {
      "mode": "managed",
      "type": "google_compute_address",
      "name": "cloud-nat-ip",
      "provider": "provider[\"registry.terraform.io/hashicorp/google\"]",
      "instances": [
        {
          "schema_version": 0,
          "attributes": {
            "address": "34.82.55.192",
            "address_type": "EXTERNAL",
            "creation_timestamp": "2024-01-07T10:26:12.218-08:00",
            "description": "tas cloud nat ip address",
            "id": "projects/mapbu-partner-apj/regions/us-west1/addresses/tas-cloud-nat-ip",
            "ip_version": "",
            "ipv6_endpoint_type": "",
            "name": "tas-cloud-nat-ip",
            "network": "",
            "network_tier": "PREMIUM",
            "prefix_length": 0,
            "project": "mapbu-partner-apj",
            "purpose": "",
            "region": "us-west1",
            "self_link": "https://www.googleapis.com/compute/v1/projects/mapbu-partner-apj/regions/us-west1/addresses/tas-cloud-nat-ip",
            "subnetwork": "",
            "timeouts": null,
            "users": []
          },
          "sensitive_attributes": [],
          "private": "eyJlMmJmYjczMC1lY2FhLTExZTYtOGY4OC0zNDM2M2JjN2M0YzAiOnsiY3JlYXRlIjoxMjAwMDAwMDAwMDAwLCJkZWxldGUiOjEyMDAwMDAwMDAwMDB9fQ=="
        }
      ]
    }
  ],
  "check_results": null
}
